
Microsoft Visual Studio Solution File, Format Version 12.00
# Visual Studio Version 17
VisualStudioVersion = 17.4.33403.182
MinimumVisualStudioVersion = 10.0.40219.1
Project("{9A19103F-16F7-4668-BE54-9A1E7A4F7556}") = "FasadaDemo", "FasadaDemo\FasadaDemo.csproj", "{79A941F9-DCEF-4E18-97E7-EA56978A058F}"
EndProject
Project("{FAE04EC0-301F-11D3-BF4B-00C04F79EFBC}") = "MediatorDemo", "MediatorDemo\MediatorDemo.csproj", "{AA506155-1C07-4BC2-A800-46271033474F}"
EndProject
Global
	GlobalSection(SolutionConfigurationPlatforms) = preSolution
		Debug|Any CPU = Debug|Any CPU
		Release|Any CPU = Release|Any CPU
	EndGlobalSection
	GlobalSection(ProjectConfigurationPlatforms) = postSolution
		{79A941F9-DCEF-4E18-97E7-EA56978A058F}.Debug|Any CPU.ActiveCfg = Debug|Any CPU
		{79A941F9-DCEF-4E18-97E7-EA56978A058F}.Debug|Any CPU.Build.0 = Debug|Any CPU
		{79A941F9-DCEF-4E18-97E7-EA56978A058F}.Release|Any CPU.ActiveCfg = Release|Any CPU
		{79A941F9-DCEF-4E18-97E7-EA56978A058F}.Release|Any CPU.Build.0 = Release|Any CPU
		{AA506155-1C07-4BC2-A800-46271033474F}.Debug|Any CPU.ActiveCfg = Debug|Any CPU
		{AA506155-1C07-4BC2-A800-46271033474F}.Debug|Any CPU.Build.0 = Debug|Any CPU
		{AA506155-1C07-4BC2-A800-46271033474F}.Release|Any CPU.ActiveCfg = Release|Any CPU
		{AA506155-1C07-4BC2-A800-46271033474F}.Release|Any CPU.Build.0 = Release|Any CPU
	EndGlobalSection
	GlobalSection(SolutionProperties) = preSolution
		HideSolutionNode = FALSE
	EndGlobalSection
	GlobalSection(ExtensibilityGlobals) = postSolution
		SolutionGuid = {E01B066E-1B3E-4C35-A198-B594204B9450}
	EndGlobalSection
EndGlobal
